Microsoft Visual Studio Solution File, Format Version 11.00
# Visual Studio 2008

Project("{D5C6FBCE-DCEE-78CC-1F10-A785628117DC}") = "Pool game", "Assembly-CSharp.csproj", "{89C828F0-B5C6-19E1-64AD-A66B1027EF08}"
EndProject
Global
	GlobalSection(SolutionConfigurationPlatforms) = preSolution
		Debug|Any CPU = Debug|Any CPU
		Release|Any CPU = Release|Any CPU
	EndGlobalSection
	GlobalSection(ProjectConfigurationPlatforms) = postSolution
		{89C828F0-B5C6-19E1-64AD-A66B1027EF08}.Debug|Any CPU.ActiveCfg = Debug|Any CPU
		{89C828F0-B5C6-19E1-64AD-A66B1027EF08}.Debug|Any CPU.Build.0 = Debug|Any CPU
		{89C828F0-B5C6-19E1-64AD-A66B1027EF08}.Release|Any CPU.ActiveCfg = Release|Any CPU
		{89C828F0-B5C6-19E1-64AD-A66B1027EF08}.Release|Any CPU.Build.0 = Release|Any CPU
	EndGlobalSection
	GlobalSection(SolutionProperties) = preSolution
		HideSolutionNode = FALSE
	EndGlobalSection
	GlobalSection(MonoDevelopProperties) = preSolution
		StartupItem = Assembly-CSharp.csproj
	EndGlobalSection
EndGlobal
